
Microsoft Visual Studio Solution File, Format Version 12.00
# Visual Studio 2013
VisualStudioVersion = 12.0.21005.1
MinimumVisualStudioVersion = 10.0.40219.1
Project("{FAE04EC0-301F-11D3-BF4B-00C04F79EFBC}") = "DTLib", "DTLib\DTLib.csproj", "{98854E18-EDA8-4B96-ACA5-DDBDDCF8A6C2}"
EndProject
Project("{FAE04EC0-301F-11D3-BF4B-00C04F79EFBC}") = "DTService", "DTService\DTService.csproj", "{8323D693-B3A3-40D7-8474-FFCB5B7C00BC}"
EndProject
Project("{FAE04EC0-301F-11D3-BF4B-00C04F79EFBC}") = "DTServiceHost", "DTServiceHost\DTServiceHost.csproj", "{F045C6F4-09C9-41B0-92FA-7D6AD650C8DD}"
EndProject
Project("{FAE04EC0-301F-11D3-BF4B-00C04F79EFBC}") = "MongoDemo", "MongoDemo\MongoDemo.csproj", "{1937EAFB-D621-4367-A1F6-5FB1ACF55D02}"
EndProject
Project("{FAE04EC0-301F-11D3-BF4B-00C04F79EFBC}") = "Generator", "Generator\Generator.csproj", "{D61B1597-4280-4947-BFB8-4C6F9DB25E0C}"
EndProject
Global
	GlobalSection(SolutionConfigurationPlatforms) = preSolution
		Debug|Any CPU = Debug|Any CPU
		Release|Any CPU = Release|Any CPU
	EndGlobalSection
	GlobalSection(ProjectConfigurationPlatforms) = postSolution
		{98854E18-EDA8-4B96-ACA5-DDBDDCF8A6C2}.Debug|Any CPU.ActiveCfg = Debug|Any CPU
		{98854E18-EDA8-4B96-ACA5-DDBDDCF8A6C2}.Debug|Any CPU.Build.0 = Debug|Any CPU
		{98854E18-EDA8-4B96-ACA5-DDBDDCF8A6C2}.Release|Any CPU.ActiveCfg = Release|Any CPU
		{98854E18-EDA8-4B96-ACA5-DDBDDCF8A6C2}.Release|Any CPU.Build.0 = Release|Any CPU
		{8323D693-B3A3-40D7-8474-FFCB5B7C00BC}.Debug|Any CPU.ActiveCfg = Debug|Any CPU
		{8323D693-B3A3-40D7-8474-FFCB5B7C00BC}.Debug|Any CPU.Build.0 = Debug|Any CPU
		{8323D693-B3A3-40D7-8474-FFCB5B7C00BC}.Release|Any CPU.ActiveCfg = Release|Any CPU
		{8323D693-B3A3-40D7-8474-FFCB5B7C00BC}.Release|Any CPU.Build.0 = Release|Any CPU
		{F045C6F4-09C9-41B0-92FA-7D6AD650C8DD}.Debug|Any CPU.ActiveCfg = Debug|Any CPU
		{F045C6F4-09C9-41B0-92FA-7D6AD650C8DD}.Debug|Any CPU.Build.0 = Debug|Any CPU
		{F045C6F4-09C9-41B0-92FA-7D6AD650C8DD}.Release|Any CPU.ActiveCfg = Release|Any CPU
		{F045C6F4-09C9-41B0-92FA-7D6AD650C8DD}.Release|Any CPU.Build.0 = Release|Any CPU
		{1937EAFB-D621-4367-A1F6-5FB1ACF55D02}.Debug|Any CPU.ActiveCfg = Debug|Any CPU
		{1937EAFB-D621-4367-A1F6-5FB1ACF55D02}.Debug|Any CPU.Build.0 = Debug|Any CPU
		{1937EAFB-D621-4367-A1F6-5FB1ACF55D02}.Release|Any CPU.ActiveCfg = Release|Any CPU
		{1937EAFB-D621-4367-A1F6-5FB1ACF55D02}.Release|Any CPU.Build.0 = Release|Any CPU
		{D61B1597-4280-4947-BFB8-4C6F9DB25E0C}.Debug|Any CPU.ActiveCfg = Debug|Any CPU
		{D61B1597-4280-4947-BFB8-4C6F9DB25E0C}.Debug|Any CPU.Build.0 = Debug|Any CPU
		{D61B1597-4280-4947-BFB8-4C6F9DB25E0C}.Release|Any CPU.ActiveCfg = Release|Any CPU
		{D61B1597-4280-4947-BFB8-4C6F9DB25E0C}.Release|Any CPU.Build.0 = Release|Any CPU
	EndGlobalSection
	GlobalSection(SolutionProperties) = preSolution
		HideSolutionNode = FALSE
	EndGlobalSection
EndGlobal
